
Microsoft Visual Studio Solution File, Format Version 12.00
# Visual Studio Version 17
VisualStudioVersion = 17.10.35004.147
MinimumVisualStudioVersion = 10.0.40219.1
Project("{FAE04EC0-301F-11D3-BF4B-00C04F79EFBC}") = "CSharp11", "CSharp11.csproj", "{2C460C51-8A9C-42C4-8A28-21997690CF4A}"
EndProject
Global
	GlobalSection(SolutionConfigurationPlatforms) = preSolution
		Debug|Any CPU = Debug|Any CPU
		Release|Any CPU = Release|Any CPU
	EndGlobalSection
	GlobalSection(ProjectConfigurationPlatforms) = postSolution
		{2C460C51-8A9C-42C4-8A28-21997690CF4A}.Debug|Any CPU.ActiveCfg = Debug|Any CPU
		{2C460C51-8A9C-42C4-8A28-21997690CF4A}.Debug|Any CPU.Build.0 = Debug|Any CPU
		{2C460C51-8A9C-42C4-8A28-21997690CF4A}.Release|Any CPU.ActiveCfg = Release|Any CPU
		{2C460C51-8A9C-42C4-8A28-21997690CF4A}.Release|Any CPU.Build.0 = Release|Any CPU
	EndGlobalSection
	GlobalSection(SolutionProperties) = preSolution
		HideSolutionNode = FALSE
	EndGlobalSection
	GlobalSection(ExtensibilityGlobals) = postSolution
		SolutionGuid = {021EC8D9-CA3E-42FD-AFE5-FC16CC85B615}
	EndGlobalSection
EndGlobal
